
Microsoft Visual Studio Solution File, Format Version 12.00
# Visual Studio 14
VisualStudioVersion = 14.0.24720.0
MinimumVisualStudioVersion = 10.0.40219.1
Project("{FAE04EC0-301F-11D3-BF4B-00C04F79EFBC}") = "WindowsFormsApplication1", "WindowsFormsApplication1\WindowsFormsApplication1.csproj", "{235979D3-A576-48FB-A1A7-2FED58003F42}"
EndProject
Project("{FAE04EC0-301F-11D3-BF4B-00C04F79EFBC}") = "VPRFORALL", "VPRFORALL\VPRFORALL.csproj", "{7CB79F30-020F-4ECB-846D-FC9CCBC9C2FF}"
EndProject
Global
	GlobalSection(SolutionConfigurationPlatforms) = preSolution
		Debug|Any CPU = Debug|Any CPU
		Release|Any CPU = Release|Any CPU
	EndGlobalSection
	GlobalSection(ProjectConfigurationPlatforms) = postSolution
		{235979D3-A576-48FB-A1A7-2FED58003F42}.Debug|Any CPU.ActiveCfg = Debug|Any CPU
		{235979D3-A576-48FB-A1A7-2FED58003F42}.Debug|Any CPU.Build.0 = Debug|Any CPU
		{235979D3-A576-48FB-A1A7-2FED58003F42}.Release|Any CPU.ActiveCfg = Release|Any CPU
		{235979D3-A576-48FB-A1A7-2FED58003F42}.Release|Any CPU.Build.0 = Release|Any CPU
		{7CB79F30-020F-4ECB-846D-FC9CCBC9C2FF}.Debug|Any CPU.ActiveCfg = Debug|Any CPU
		{7CB79F30-020F-4ECB-846D-FC9CCBC9C2FF}.Debug|Any CPU.Build.0 = Debug|Any CPU
		{7CB79F30-020F-4ECB-846D-FC9CCBC9C2FF}.Release|Any CPU.ActiveCfg = Release|Any CPU
		{7CB79F30-020F-4ECB-846D-FC9CCBC9C2FF}.Release|Any CPU.Build.0 = Release|Any CPU
	EndGlobalSection
	GlobalSection(SolutionProperties) = preSolution
		HideSolutionNode = FALSE
	EndGlobalSection
EndGlobal
